#MicroXplorer Configuration settings - do not modify
PB13.GPIOParameters=GPIO_PuPd
Dma.SAI1_B.2.MemBurst=DMA_MBURST_SINGLE
SH.FMC_D0_DA0.ConfNb=1
Bdma.Request0=I2C4_RX
Dma.SAI1_A.1.SignalID=NONE
SH.FMC_A8.ConfNb=1
SH.FMC_A0.ConfNb=1
SH.FMC_D6_DA6.ConfNb=1
Bdma.Request1=I2C4_TX
PC10.GPIO_PuPd=GPIO_PULLUP
SH.FMC_D9_DA9.ConfNb=1
FMC.SDClockPeriod1=FMC_SDRAM_CLOCK_PERIOD_3
SH.FMC_A0.0=FMC_A0,13b-sda1
Dma.SAI1_B.2.MemDataAlignment=DMA_MDATAALIGN_WORD
FATFS0.BSP.api=Unknown
PB10.GPIO_PuPd=GPIO_NOPULL
Bdma.I2C4_RX.0.SignalID=NONE
PG8.Signal=FMC_SDCLK
Dma.SAI1_A.1.SyncSignalID=NONE
PG0.Signal=FMC_A10
PC7.Locked=true
RCC.PLLFRACN=0
PC3_C.Mode=SdramChipSelect1_1
I2C2.NoStretchMode=I2C_NOSTRETCH_DISABLE
SAI1.Instance-SAI_A_MasterWithClock=SAI$Index_Block_A
RCC.RTCFreq_Value=32000
Dma.SAI1_A.1.Mode=DMA_CIRCULAR
RCC.CpuClockFreq_Value=480000000
PD2.GPIOParameters=GPIO_PuPd
SH.FMC_SDNWE.ConfNb=1
SH.FMC_D5_DA5.0=FMC_D5,sd-16b-d1
NVIC.I2C4_EV_IRQn=true\:6\:0\:true\:false\:true\:true\:true
SH.FMC_D9_DA9.0=FMC_D9,sd-16b-d1
RCC.LPTIM1Freq_Value=120000000
NVIC.SVCall_IRQn=true\:0\:0\:false\:false\:true\:false\:false
Bdma.I2C4_RX.0.RequestNumber=1
ADC1.Channel-5\#ChannelRegularConversion=ADC_CHANNEL_8
SH.S_TIM3_CH2.ConfNb=1
SH.FMC_SDNWE.0=FMC_SDNWE,13b-sda1
PD7.GPIO_PuPd=GPIO_PULLUP
SH.FMC_D11_DA11.0=FMC_D11,sd-16b-d1
Dma.SAI1_A.1.Instance=DMA1_Stream1
RCC.I2C4Freq_Value=120000000
PB6.Signal=S_TIM4_CH1
Dma.ADC1.0.Direction=DMA_PERIPH_TO_MEMORY
Bdma.I2C4_RX.0.Instance=BDMA_Channel0
PC7.Signal=GPIO_Output
VP_SAI1_VP_$IpInstance_SAIB_SAI_BASIC.Signal=SAI1_VP_$IpInstance_SAIB_SAI_BASIC
PD0.Signal=FMC_D2_DA2
PD8.Signal=FMC_D13_DA13
Dma.SAI1_A.1.FIFOMode=DMA_FIFOMODE_ENABLE
PE1.Signal=FMC_NBL1
Dma.ADC1.0.MemDataAlignment=DMA_MDATAALIGN_HALFWORD
FATFS0.BSP.ip=GPIO
Bdma.I2C4_RX.0.MemInc=DMA_MINC_ENABLE
ProjectManager.ProjectBuild=false
TIM4.Channel-PWM\ Generation3\ CH3=TIM_CHANNEL_3
NVIC.UsageFault_IRQn=true\:0\:0\:false\:false\:true\:false\:false
USB_OTG_FS.phy_itface=HCD_PHY_EMBEDDED
PA8.Locked=true
FMC.SelfRefreshTime1=4
ProjectManager.FirmwarePackage=STM32Cube FW_H7 V1.7.0
ProjectManager.BackupPrevious=false
RCC.FMCFreq_Value=240000000
RCC.SAI1CLockSelection=RCC_SAI1CLKSOURCE_PLL2
PE9.Signal=FMC_D6_DA6
PG12.GPIOParameters=GPIO_PuPd
SH.FMC_A2.0=FMC_A2,13b-sda1
RCC.USART16Freq_Value=120000000
PC9.Mode=SD_4_bits_Wide_bus
PA8.Signal=GPIO_Output
SH.FMC_D1_DA1.0=FMC_D1,sd-16b-d1
PB6.Locked=true
FMC.WriteProtection1=FMC_SDRAM_WRITE_PROTECTION_DISABLE
ProjectManager.HalAssertFull=false
RCC.DIVP2Freq_Value=49142857.14285714
PA0.Signal=ADC1_INP16
ADC1.OffsetNumber-5\#ChannelRegularConversion=ADC_OFFSET_NONE
Bdma.I2C4_RX.0.Direction=DMA_PERIPH_TO_MEMORY
Mcu.Package=LQFP144
SAI1.AudioFrequency-SAI_A_MasterWithClock=SAI_AUDIO_FREQUENCY_48K
PB1.Signal=GPIO_Input
PB14.GPIO_PuPd=GPIO_PULLUP
I2C2.I2C_Fall_Time=5
ADC1.OversamplingMode=ENABLE
RCC.PLL3FRACN=0
PD12.Signal=I2C4_SCL
Dma.SAI1_B.2.Polarity=HAL_DMAMUX_REQ_GEN_RISING
SH.FMC_SDNCAS.ConfNb=1
VP_SYS_VS_Systick.Signal=SYS_VS_Systick
SH.FMC_A11.ConfNb=1
PA10.Signal=GPIO_Output
FMC.WriteRecoveryTime1=2
PC11.Mode=SD_4_bits_Wide_bus
SH.S_TIM4_CH1.0=TIM4_CH1,PWM Generation1 CH1
RCC.LPUART1Freq_Value=120000000
FMC.RowCycleDelay2=6
FMC.RowCycleDelay1=6
USB_OTG_FS.IPParameters=VirtualMode,phy_itface,dma_enable
SH.ADCx_INP7.ConfNb=1
ADC1.EOCSelection=ADC_EOC_SEQ_CONV
PD15.Signal=FMC_D1_DA1
ADC1.Rank-4\#ChannelRegularConversion=5
RCC.VCO3OutputFreq_Value=384000000
SH.FMC_D3_DA3.ConfNb=1
PG12.Signal=GPIO_Input
Mcu.Pin80=PC11
Mcu.Pin81=PC12
SH.S_TIM4_CH1.ConfNb=1
FATFS0.BSP.STBoard=false
SH.FMC_A4.0=FMC_A4,13b-sda1
ProjectManager.ProjectFileName=cube_for_new_genera_brain4.ioc
Bdma.I2C4_RX.0.SyncRequestNumber=1
SH.FMC_A5.ConfNb=1
Mcu.Pin79=PC10
Mcu.PinsNb=105
Mcu.Pin73=PA9
Mcu.Pin74=PA10
Mcu.Pin71=PC9
Mcu.Pin72=PA8
PC13.Locked=true
Mcu.Pin77=PA13 (JTMS/SWDIO)
SAI1.MClockEnable-SAI_A_MasterWithClock=SAI_MASTERCLOCK_ENABLE
PG5.Signal=FMC_A15_BA1
Mcu.Pin78=PA14 (JTCK/SWCLK)
ADC1.OffsetNumber-0\#ChannelRegularConversion=ADC_OFFSET_NONE
Mcu.Pin75=PA11
Mcu.Pin76=PA12
SH.FMC_D10_DA10.0=FMC_D10,sd-16b-d1
PC13.Signal=GPIO_Input
FATFS0.BSP.mode=Input
Mcu.Pin70=PC8
SAI1.ErrorAudioFreq-SAI_A_MasterWithClock=-0.01 %
Mcu.Pin68=PC6
Mcu.Pin69=PC7
PB14.Locked=true
Mcu.Pin62=PG2
Mcu.Pin63=PG4
Mcu.Pin60=PD14
Mcu.Pin61=PD15
Mcu.Pin66=PG7
Mcu.Pin67=PG8
Mcu.Pin64=PG5
Mcu.Pin65=PG6
Dma.SAI1_B.2.PeriphInc=DMA_PINC_DISABLE
USB_HOST0.BSP.semaphore=
PD10.Signal=FMC_D15_DA15
RCC.D1CPREFreq_Value=480000000
RCC.Tim1OutputFreq_Value=240000000
Bdma.I2C4_TX.1.Priority=DMA_PRIORITY_LOW
Mcu.Pin59=PD13
Mcu.Pin57=PD11
PC15-OSC32_OUT\ (OSC32_OUT).Locked=true
Mcu.Pin58=PD12
Mcu.Pin51=PB13
Mcu.Pin52=PB14
Mcu.Pin50=PB12
Mcu.Pin55=PD9
Mcu.Pin56=PD10
Mcu.Pin53=PB15
Mcu.Pin54=PD8
Dma.ADC1.0.Priority=DMA_PRIORITY_HIGH
PB11.GPIOParameters=GPIO_Speed,GPIO_PuPd
Mcu.Pin48=PB10
Mcu.Pin49=PB11
Mcu.Pin46=PE14
Mcu.Pin47=PE15
SAI1.VirtualMode-SAI_A_MasterWithClock=VM_MASTER
VP_SAI1_VP_$IpInstance_SAIB_SAI_BASIC.Mode=SAI_B_BASIC
PB14.Signal=GPIO_Input
PA5.Signal=ADCx_INP19
Mcu.Pin40=PE8
Mcu.Pin41=PE9
Bdma.I2C4_RX.0.MemDataAlignment=DMA_MDATAALIGN_BYTE
Mcu.Pin44=PE12
PC12.Mode=SD_4_bits_Wide_bus
Mcu.Pin45=PE13
Mcu.Pin42=PE10
Mcu.Pin43=PE11
PB13.GPIO_PuPd=GPIO_PULLUP
FMC.ReadBurst1=FMC_SDRAM_RBURST_ENABLE
SH.FMC_A6.0=FMC_A6,13b-sda1
RCC.AHB12Freq_Value=240000000
PE14.Signal=FMC_D11_DA11
PE6.Mode=SAI_A_MasterWithClock
Mcu.Pin37=PG0
Mcu.Pin38=PG1
Mcu.Pin35=PF14
Mcu.Pin36=PF15
SH.FMC_D14_DA14.ConfNb=1
Mcu.Pin39=PE7
Mcu.Pin30=PB0
PC9.GPIO_PuPd=GPIO_PULLUP
Mcu.Pin33=PF12
Mcu.Pin34=PF13
Mcu.Pin31=PB1
Mcu.Pin32=PF11
NVIC.NonMaskableInt_IRQn=true\:0\:0\:false\:false\:true\:false\:false
SAI1.FIFOThreshold-SAI_A_MasterWithClock=SAI_FIFOTHRESHOLD_1QF
PF13.Signal=FMC_A7
PC10.GPIOParameters=GPIO_PuPd
PC9.GPIOParameters=GPIO_PuPd
Mcu.Pin26=PA6
Mcu.Pin27=PA7
Mcu.Pin24=PA4
Mcu.Pin25=PA5
CORTEX_M7.IPParameters=CPU_ICache,CPU_DCache
Dma.SAI1_A.1.PeriphBurst=DMA_PBURST_SINGLE
SH.ADCx_INP7.0=ADC1_INP7,IN7-Single-Ended
Mcu.Pin28=PC4
Mcu.Pin29=PC5
PC8.Mode=SD_4_bits_Wide_bus
PC8.GPIO_PuPd=GPIO_PULLUP
Mcu.Pin22=PA2
Mcu.Pin23=PA3
Mcu.Pin20=PC3_C
ADC1.master=1
Mcu.Pin21=PA0
PA10.Locked=true
NVIC.ForceEnableDMAVector=true
NVIC.MemoryManagement_IRQn=true\:0\:0\:false\:false\:true\:false\:false
Dma.ADC1.0.RequestNumber=1
SH.FMC_SDNRAS.ConfNb=1
ProjectManager.HeapSize=0x200
Mcu.Pin15=PH0-OSC_IN (PH0)
NVIC.HardFault_IRQn=true\:0\:0\:false\:false\:true\:false\:false
Mcu.Pin16=PH1-OSC_OUT (PH1)
Mcu.Pin13=PF5
Mcu.Pin14=PF6
Mcu.Pin19=PC2_C
SH.GPXTI15.ConfNb=1
Mcu.Pin17=PC0
Mcu.Pin18=PC1
SAI1.VirtualProtocol-SAI_B_BASIC=VM_BASIC_PROTOCOL
NVIC.PriorityGroup=NVIC_PRIORITYGROUP_4
Mcu.Pin11=PF3
Mcu.Pin12=PF4
Mcu.Pin10=PF2
ADC1.ConversionDataManagement=ADC_CONVERSIONDATA_DMA_CIRCULAR
PE3.Signal=SAI1_SD_B
Dma.SAI1_A.1.PeriphInc=DMA_PINC_DISABLE
PF4.Signal=FMC_A4
PD2.Signal=SDMMC1_CMD
ADC1.Rank-5\#ChannelRegularConversion=6
FATFS0.BSP.name=Detect_SDIO
Mcu.Family=STM32H7
FMC.IPParameters=BankMapConfig,CASLatency1,WriteProtection1,SDClockPeriod1,ReadBurst1,LoadToActiveDelay1,ExitSelfRefreshDelay1,SelfRefreshTime1,RowCycleDelay1,RPDelay1,RCDDelay1,ColumnBitsNumber1,ReadPipeDelay1,RowCycleDelay2,RPDelay2,WriteRecoveryTime1
ProjectManager.MainLocation=Src
SH.FMC_A6.ConfNb=1
SH.FMC_A8.0=FMC_A8,13b-sda1
ProjectManager.KeepUserCode=true
FATFS0.BSP.semaphore=
ADC1.ContinuousConvMode=ENABLE
SH.FMC_D14_DA14.0=FMC_D14,sd-16b-d1
PH0-OSC_IN\ (PH0).Signal=RCC_OSC_IN
PG2.Signal=FMC_A12
Dma.ADC1.0.Polarity=HAL_DMAMUX_REQ_GEN_RISING
ADC1.OffsetNumber-4\#ChannelRegularConversion=ADC_OFFSET_NONE
PA12.GPIOParameters=GPIO_Speed
SAI1.VirtualProtocol-SAI_A_BASIC=VM_BASIC_PROTOCOL
PE2.GPIO_Speed=GPIO_SPEED_FREQ_VERY_HIGH
PA11.GPIOParameters=GPIO_Speed
PA11.Mode=Host_Only
RCC.PLL2FRACN=0
SH.FMC_A14_BA0.0=FMC_BA0,FourSdramBanks1
RCC.VCO2OutputFreq_Value=344000000
SH.FMC_A11.0=FMC_A11,13b-sda1
SH.ADCx_INP11.ConfNb=1
PB15.Signal=GPIO_Input
PG11.Signal=GPIO_Input
PG15.Signal=FMC_SDNCAS
Dma.SAI1_A.1.RequestNumber=1
PD13.Signal=I2C4_SDA
Mcu.IP4=DMA
Mcu.IP5=FATFS
Mcu.IP2=CORTEX_M7
Mcu.IP3=DEBUG
NVIC.BDMA_Channel0_IRQn=true\:0\:0\:true\:false\:true\:false\:true
PC11.GPIO_PuPd=GPIO_PULLUP
Mcu.IP0=ADC1
Mcu.IP1=BDMA
Bdma.I2C4_TX.1.PeriphDataAlignment=DMA_PDATAALIGN_BYTE
PE4.GPIOParameters=GPIO_Speed
SAI1.VirtualMode-SAI_B_SyncSlave=VM_SLAVE
RCC.DIVP3Freq_Value=192000000
RCC.SDMMCFreq_Value=320000000
ADC1.Channel-3\#ChannelRegularConversion=ADC_CHANNEL_16
PB1.GPIO_PuPd=GPIO_PULLUP
ProjectManager.PreviousToolchain=SW4STM32
Bdma.I2C4_TX.1.SyncPolarity=HAL_DMAMUX_SYNC_NO_EVENT
TIM3.Period=128
SH.FMC_NBL1.0=FMC_NBL1,Sd2ByteEnable1
PA8.GPIOParameters=GPIO_PuPd
USB_HOST0.BSP.ip=GPIO
RCC.HRTIMFreq_Value=240000000
ADC1.Channel-0\#ChannelRegularConversion=ADC_CHANNEL_7
PH1-OSC_OUT\ (PH1).Mode=HSE-External-Oscillator
Dma.SAI1_B.2.SignalID=NONE
RCC.DIVR3Freq_Value=192000000
NVIC.DebugMonitor_IRQn=true\:0\:0\:false\:false\:true\:false\:false
SH.FMC_A14_BA0.ConfNb=1
FMC.ExitSelfRefreshDelay1=6
Mcu.IP10=RCC
NVIC.SysTick_IRQn=true\:0\:0\:true\:false\:true\:false\:true
Mcu.IP12=SAI1
Dma.ADC1.0.PeriphBurst=DMA_PBURST_SINGLE
Mcu.IP11=RNG
Mcu.IP18=USB_OTG_FS
Mcu.IP17=USB_HOST
RCC.DIVP1Freq_Value=480000000
Mcu.IP14=SYS
Mcu.IP13=SDMMC1
Mcu.IP16=TIM4
Mcu.IP15=TIM3
PF11.Signal=FMC_SDNRAS
PE3.GPIOParameters=GPIO_Speed
SAI1.InitProtocol-SAI_A_MasterWithClock=Enable
PB7.Signal=S_TIM4_CH2
PB0.Locked=true
PB4\ (NJTRST).Locked=true
PA6.Signal=GPIO_Output
PB15.GPIO_PuPd=GPIO_PULLUP
PG11.Locked=true
SH.FMC_D4_DA4.ConfNb=1
NVIC.OTG_FS_IRQn=true\:6\:0\:true\:false\:true\:true\:true
ProjectManager.ToolChainLocation=
RCC.DIVR1Freq_Value=480000000
Mcu.Pin95=PB8
Mcu.Pin96=PE0
Mcu.Pin93=PB6
USB_HOST0.BSP.name=Drive_VBUS_FS
Mcu.Pin94=PB7
Mcu.Pin99=VP_RNG_VS_RNG
Mcu.Pin97=PE1
Bdma.I2C4_TX.1.Polarity=HAL_DMAMUX_REQ_GEN_RISING
Mcu.Pin98=VP_FATFS_VS_SDIO
Dma.Request2=SAI1_B
Dma.Request1=SAI1_A
Mcu.Pin91=PB4 (NJTRST)
Mcu.Pin92=PB5
NVIC.DMA1_Stream0_IRQn=true\:5\:0\:true\:false\:true\:false\:true
PC5.Signal=ADCx_INP8
Mcu.Pin90=PB3 (JTDO/TRACESWO)
Dma.SAI1_A.1.SyncPolarity=HAL_DMAMUX_SYNC_NO_EVENT
Dma.SAI1_B.2.PeriphBurst=DMA_PBURST_SINGLE
PE7.Signal=FMC_D4_DA4
Bdma.I2C4_RX.0.SyncSignalID=NONE
Dma.Request0=ADC1
PA12.GPIO_Speed=GPIO_SPEED_FREQ_VERY_HIGH
Mcu.Pin84=PD2
Mcu.Pin85=PD7
PB15.Locked=true
Mcu.Pin82=PD0
Mcu.Pin83=PD1
PA3.Signal=ADCx_INP15
Mcu.Pin88=PG12
Mcu.Pin89=PG15
Mcu.Pin86=PG10
Mcu.Pin87=PG11
SH.FMC_A3.ConfNb=1
USB_HOST.IPParameters=USBH_HandleTypeDef-AUDIO_FS,VirtualModeFS,USBH_MAX_NUM_CONFIGURATION-AUDIO_FS,USBH_DEBUG_LEVEL-AUDIO_FS
Bdma.I2C4_TX.1.EventEnable=DISABLE
PG7.Locked=true
PG7.Signal=GPIO_Output
Bdma.I2C4_TX.1.SyncSignalID=NONE
Dma.SAI1_A.1.FIFOThreshold=DMA_FIFO_THRESHOLD_1QUARTERFULL
Bdma.I2C4_TX.1.SyncEnable=DISABLE
PC11.Signal=SDMMC1_D3
PC8.Signal=SDMMC1_D0
USB_HOST0.BSP.solution=PF6
SH.ADCx_INP14.0=ADC1_INP14,IN14-Single-Ended
PC10.Mode=SD_4_bits_Wide_bus
ProjectManager.DefaultFWLocation=true
PD9.Signal=FMC_D14_DA14
PB12.Locked=true
ProjectManager.DeletePrevious=true
SAI1.FIFOThreshold-SAI_B_SyncSlave=SAI_FIFOTHRESHOLD_1QF
RCC.FamilyName=M
PH1-OSC_OUT\ (PH1).Signal=RCC_OSC_OUT
FATFS0.BSP.instance=PC13
FATFS.IPParameters=USE_DMA_CODE_SD
SAI1.RealAudioFreq-SAI_A_MasterWithClock=47.991 KHz
Dma.ADC1.0.PeriphDataAlignment=DMA_PDATAALIGN_HALFWORD
SH.FMC_A15_BA1.ConfNb=1
PF6.Signal=GPIO_Output
PC15-OSC32_OUT\ (OSC32_OUT).Signal=GPXTI15
RCC.VCO1OutputFreq_Value=960000000
SH.FMC_D13_DA13.0=FMC_D13,sd-16b-d1
PF6.Locked=true
SH.S_TIM4_CH3.0=TIM4_CH3,PWM Generation3 CH3
VP_RNG_VS_RNG.Signal=RNG_VS_RNG
SAI1.BasicDataSize-SAI_B_SyncSlave=SAI_PROTOCOL_DATASIZE_24BIT
RCC.AXIClockFreq_Value=240000000
PE2.GPIOParameters=GPIO_Speed
RCC.USBFreq_Value=48000000
ADC1.Ratio=64
RCC.CKPERFreq_Value=64000000
SH.S_TIM4_CH3.ConfNb=1
PD2.Mode=SD_4_bits_Wide_bus
board=custom
Bdma.I2C4_TX.1.MemInc=DMA_MINC_ENABLE
PD13.GPIO_Speed=GPIO_SPEED_FREQ_MEDIUM
MxCube.Version=5.6.1
RCC.FDCANFreq_Value=320000000
Bdma.I2C4_TX.1.MemDataAlignment=DMA_MDATAALIGN_BYTE
PE5.Mode=SAI_A_MasterWithClock
RCC.ADCFreq_Value=49142857.14285714
VP_SYS_VS_Systick.Mode=SysTick
SH.FMC_D12_DA12.0=FMC_D12,sd-16b-d1
PF1.Signal=FMC_A1
SH.FMC_D11_DA11.ConfNb=1
ADC1.NbrOfConversion=6
ADC1.OffsetNumber-2\#ChannelRegularConversion=ADC_OFFSET_NONE
I2C2.Speed=50
RCC.IPParameters=ADCFreq_Value,AHB12Freq_Value,AHB4Freq_Value,APB1Freq_Value,APB2Freq_Value,APB3Freq_Value,APB4Freq_Value,AXIClockFreq_Value,CECFreq_Value,CKPERFreq_Value,CortexFreq_Value,CpuClockFreq_Value,D1CPREFreq_Value,D1PPRE,D2PPRE1,D2PPRE2,D3PPRE,DFSDMACLkFreq_Value,DFSDMFreq_Value,DIVM1,DIVM2,DIVM3,DIVN1,DIVN2,DIVN3,DIVP1Freq_Value,DIVP2,DIVP2Freq_Value,DIVP3Freq_Value,DIVQ1,DIVQ1Freq_Value,DIVQ2Freq_Value,DIVQ3,DIVQ3Freq_Value,DIVR1Freq_Value,DIVR2,DIVR2Freq_Value,DIVR3Freq_Value,FDCANFreq_Value,FMCFreq_Value,FamilyName,HCLK3ClockFreq_Value,HCLKFreq_Value,HPRE,HRTIMFreq_Value,I2C123Freq_Value,I2C4Freq_Value,LPTIM1Freq_Value,LPTIM2Freq_Value,LPTIM345Freq_Value,LPUART1Freq_Value,LTDCFreq_Value,MCO1PinFreq_Value,MCO2PinFreq_Value,PLL2FRACN,PLL2_VCI_Range-AdvancedSettings,PLL3FRACN,PLL3_VCI_Range-AdvancedSettings,PLLFRACN,PLLSourceVirtual,QSPIFreq_Value,RNGFreq_Value,RTCFreq_Value,SAI1CLockSelection,SAI1Freq_Value,SAI23Freq_Value,SAI4AFreq_Value,SAI4BFreq_Value,SDMMCFreq_Value,SPDIFRXFreq_Value,SPI123Freq_Value,SPI45Freq_Value,SPI6Freq_Value,SWPMI1Freq_Value,SYSCLKFreq_VALUE,SYSCLKSource,Tim1OutputFreq_Value,Tim2OutputFreq_Value,TraceFreq_Value,USART16Freq_Value,USART234578Freq_Value,USBCLockSelection,USBFreq_Value,VCO1OutputFreq_Value,VCO2OutputFreq_Value,VCO3OutputFreq_Value,VCOInput1Freq_Value,VCOInput2Freq_Value,VCOInput3Freq_Value
Bdma.I2C4_RX.0.Polarity=HAL_DMAMUX_REQ_GEN_RISING
ProjectManager.AskForMigrate=true
PE0.Signal=FMC_NBL0
PE12.Signal=FMC_D9_DA9
Mcu.IP8=I2C4
SH.ADCx_INP8.ConfNb=1
Mcu.IP9=NVIC
Mcu.IP6=FMC
Mcu.IP7=I2C2
ProjectManager.CoupleFile=true
RCC.SYSCLKFreq_VALUE=480000000
RCC.I2C123Freq_Value=120000000
ADC1.Rank-3\#ChannelRegularConversion=4
ADC1.SamplingTime-3\#ChannelRegularConversion=ADC_SAMPLETIME_64CYCLES_5
KeepUserPlacement=false
SH.ADCx_INP19.ConfNb=1
SH.ADCx_INP14.ConfNb=1
Dma.ADC1.0.MemInc=DMA_MINC_ENABLE
PC6.GPIOParameters=GPIO_PuPd
PA8.GPIO_PuPd=GPIO_NOPULL
Bdma.I2C4_TX.1.Direction=DMA_MEMORY_TO_PERIPH
SH.GPXTI15.0=GPIO_EXTI15
PC3_C.Signal=FMC_SDCKE0
PB7.Locked=true
PE5.GPIO_Speed=GPIO_SPEED_FREQ_VERY_HIGH
Bdma.I2C4_RX.0.RequestParameters=Instance,Direction,PeriphInc,MemInc,PeriphDataAlignment,MemDataAlignment,Mode,Priority,SignalID,Polarity,RequestNumber,SyncSignalID,SyncPolarity,SyncEnable,EventEnable,SyncRequestNumber
CORTEX_M7.CPU_DCache=Enabled
SH.FMC_D8_DA8.ConfNb=1
PB12.Signal=GPIO_Input
PG11.GPIOParameters=GPIO_PuPd
USB_HOST0.BSP.instance=PF6
PB4\ (NJTRST).Signal=GPIO_Output
PA6.Locked=true
PA11.GPIO_Speed=GPIO_SPEED_FREQ_VERY_HIGH
Bdma.I2C4_RX.0.Priority=DMA_PRIORITY_LOW
SH.FMC_D7_DA7.0=FMC_D7,sd-16b-d1
SH.FMC_A4.ConfNb=1
FMC.RCDDelay1=2
PB10.Mode=I2C
Bdma.I2C4_RX.0.SyncPolarity=HAL_DMAMUX_SYNC_NO_EVENT
VP_FATFS_VS_SDIO.Mode=SDIO
RCC.PLL2_VCI_Range-AdvancedSettings=RCC_PLL2VCIRANGE_1
PG4.Signal=FMC_A14_BA0
NVIC.DMA1_Stream2_IRQn=true\:2\:0\:true\:false\:true\:false\:true
PC12.Signal=SDMMC1_CK
FMC.LoadToActiveDelay1=2
USB_HOST0.BSP.condition=
Dma.SAI1_B.2.SyncSignalID=NONE
NVIC.OTG_FS_EP1_IN_IRQn=true\:6\:0\:true\:false\:true\:true\:true
PB13.Signal=GPIO_Input
Dma.SAI1_A.1.MemDataAlignment=DMA_MDATAALIGN_WORD
Dma.SAI1_B.2.Mode=DMA_CIRCULAR
PinOutPanel.RotationAngle=0
RCC.MCO1PinFreq_Value=64000000
RCC.SYSCLKSource=RCC_SYSCLKSOURCE_PLLCLK
RCC.AHB4Freq_Value=240000000
PB11.GPIO_Speed=GPIO_SPEED_FREQ_LOW
SH.FMC_A15_BA1.0=FMC_BA1,FourSdramBanks1
SH.FMC_A12.ConfNb=1
PA14\ (JTCK/SWCLK).Signal=DEBUG_JTCK-SWCLK
VP_FATFS_VS_SDIO.Signal=FATFS_VS_SDIO
I2C4.Timing=0x307075B1
PE2.Mode=SAI_A_MasterWithClock
Dma.SAI1_B.2.SyncEnable=DISABLE
ADC1.Channel-2\#ChannelRegularConversion=ADC_CHANNEL_14
SH.FMC_D10_DA10.ConfNb=1
USB_HOST0.BSP.component=
RCC.DIVQ3Freq_Value=48000000
PE5.Signal=SAI1_SCK_A
PB13.Locked=true
Dma.SAI1_A.1.MemInc=DMA_MINC_ENABLE
FATFS0.BSP.i2caddr=0
PA4.Locked=true
RCC.DIVM3=25
RCC.DIVM2=25
RCC.DIVM1=10
MxDb.Version=DB.5.0.60
Dma.ADC1.0.PeriphInc=DMA_PINC_DISABLE
SH.FMC_D15_DA15.ConfNb=1
PA0.Mode=IN16-Single-Ended
NVIC.I2C4_ER_IRQn=true\:6\:0\:true\:false\:true\:true\:true
SH.S_TIM4_CH2.0=TIM4_CH2,PWM Generation2 CH2
PE2.Signal=SAI1_MCLK_A
PA14\ (JTCK/SWCLK).Mode=Trace_Asynchronous_SW
NVIC.PendSV_IRQn=true\:0\:0\:false\:false\:true\:false\:false
TIM4.Period=128
PF3.Signal=FMC_A3
RCC.DIVR2Freq_Value=344000000
PE10.Signal=FMC_D7_DA7
ADC1.SamplingTime-0\#ChannelRegularConversion=ADC_SAMPLETIME_64CYCLES_5
RCC.MCO2PinFreq_Value=480000000
PC8.GPIOParameters=GPIO_PuPd
PD11.Locked=true
Bdma.I2C4_RX.0.Mode=DMA_NORMAL
Dma.SAI1_A.1.Direction=DMA_MEMORY_TO_PERIPH
FATFS0.BSP.solution=PC13
I2C2.I2C_Rise_Time=10
PC6.GPIO_PuPd=GPIO_NOPULL
RCC.DFSDMFreq_Value=120000000
PB14.GPIOParameters=GPIO_PuPd
SH.FMC_A1.0=FMC_A1,13b-sda1
SH.FMC_SDCLK.0=FMC_SDCLK,13b-sda1
RCC.TraceFreq_Value=480000000
RCC.APB4Freq_Value=120000000
PG12.GPIO_PuPd=GPIO_PULLUP
RCC.CECFreq_Value=32000
RCC.SAI23Freq_Value=320000000
PF14.Signal=FMC_A8
NVIC.BusFault_IRQn=true\:0\:0\:false\:false\:true\:false\:false
Dma.ADC1.0.FIFOMode=DMA_FIFOMODE_ENABLE
PB10.GPIOParameters=GPIO_Speed,GPIO_PuPd
FMC.ColumnBitsNumber1=FMC_SDRAM_COLUMN_BITS_NUM_9
PE6.GPIO_Speed=GPIO_SPEED_FREQ_HIGH
PH0-OSC_IN\ (PH0).Mode=HSE-External-Oscillator
SH.FMC_D3_DA3.0=FMC_D3,sd-16b-d1
ProjectManager.CustomerFirmwarePackage=
Dma.ADC1.0.EventEnable=ENABLE
Bdma.I2C4_TX.1.SyncRequestNumber=1
SH.FMC_A7.ConfNb=1
SH.FMC_A1.ConfNb=1
RCC.DIVQ3=8
Dma.ADC1.0.Instance=DMA1_Stream0
RCC.DIVQ1=3
ADC1.Rank-0\#ChannelRegularConversion=1
I2C2.I2C_Coeff_DF=0
Dma.SAI1_B.2.RequestParameters=Instance,Direction,PeriphInc,MemInc,PeriphDataAlignment,MemDataAlignment,Mode,Priority,FIFOMode,FIFOThreshold,MemBurst,PeriphBurst,SignalID,Polarity,RequestNumber,SyncSignalID,SyncPolarity,SyncEnable,EventEnable,SyncRequestNumber
PD2.GPIO_PuPd=GPIO_PULLUP
VP_SAI1_VP_$IpInstance_SAIA_SAI_BASIC.Mode=SAI_A_BASIC
Dma.ADC1.0.SyncRequestNumber=1
ADC1.IPParameters=Rank-0\#ChannelRegularConversion,Channel-0\#ChannelRegularConversion,SamplingTime-0\#ChannelRegularConversion,OffsetNumber-0\#ChannelRegularConversion,NbrOfConversionFlag,ClockPrescaler,ContinuousConvMode,EOCSelection,Rank-1\#ChannelRegularConversion,Channel-1\#ChannelRegularConversion,SamplingTime-1\#ChannelRegularConversion,OffsetNumber-1\#ChannelRegularConversion,Rank-2\#ChannelRegularConversion,Channel-2\#ChannelRegularConversion,SamplingTime-2\#ChannelRegularConversion,OffsetNumber-2\#ChannelRegularConversion,Rank-3\#ChannelRegularConversion,Channel-3\#ChannelRegularConversion,SamplingTime-3\#ChannelRegularConversion,OffsetNumber-3\#ChannelRegularConversion,Rank-4\#ChannelRegularConversion,Channel-4\#ChannelRegularConversion,SamplingTime-4\#ChannelRegularConversion,OffsetNumber-4\#ChannelRegularConversion,Rank-5\#ChannelRegularConversion,Channel-5\#ChannelRegularConversion,SamplingTime-5\#ChannelRegularConversion,OffsetNumber-5\#ChannelRegularConversion,NbrOfConversion,ConversionDataManagement,master,OversamplingMode,Ratio,RightBitShift
RCC.SWPMI1Freq_Value=120000000
PC6.Signal=GPIO_Output
PD13.GPIOParameters=GPIO_Speed
PD7.Signal=GPIO_Input
PD1.Signal=FMC_D3_DA3
VP_SAI1_VP_$IpInstance_SAIA_SAI_BASIC.Signal=SAI1_VP_$IpInstance_SAIA_SAI_BASIC
RCC.DIVP2=7
PC0.Signal=FMC_SDNWE
PC11.GPIOParameters=GPIO_PuPd
RCC.QSPIFreq_Value=240000000
PG10.Signal=GPIO_Output
PG10.Locked=true
USB_HOST0.BSP.STBoard=false
SH.FMC_A3.0=FMC_A3,13b-sda1
Dma.SAI1_A.1.Polarity=HAL_DMAMUX_REQ_GEN_RISING
RCC.USART234578Freq_Value=120000000
FMC.CASLatency1=FMC_SDRAM_CAS_LATENCY_2
RCC.SPI123Freq_Value=320000000
PB11.Mode=I2C
TIM4.IPParameters=Channel-PWM Generation1 CH1,Channel-PWM Generation2 CH2,Channel-PWM Generation3 CH3,Period
SH.FMC_D15_DA15.0=FMC_D15,sd-16b-d1
Dma.SAI1_B.2.PeriphDataAlignment=DMA_PDATAALIGN_WORD
Dma.ADC1.0.SignalID=NONE
Bdma.I2C4_RX.0.SyncEnable=DISABLE
PC6.Locked=true
PA9.Signal=GPIO_Output
RCC.DIVN3=384
RCC.DIVN2=344
RCC.DIVN1=384
Bdma.I2C4_RX.0.PeriphDataAlignment=DMA_PDATAALIGN_BYTE
PB5.Locked=true
PC2_C.Mode=SdramChipSelect1_1
Bdma.I2C4_TX.1.RequestParameters=Instance,Direction,PeriphInc,MemInc,PeriphDataAlignment,MemDataAlignment,Mode,Priority,SignalID,Polarity,RequestNumber,SyncSignalID,SyncPolarity,SyncEnable,EventEnable,SyncRequestNumber
Bdma.I2C4_TX.1.SignalID=NONE
PD7.Locked=true
PB10.Signal=I2C2_SCL
SH.ADCx_INP8.0=ADC1_INP8,IN8-Single-Ended
FATFS.BSP.number=1
RCC.USBCLockSelection=RCC_USBCLKSOURCE_PLL3
ProjectManager.LastFirmware=true
USB_HOST.VirtualModeFS=Audio
PE15.Signal=FMC_D12_DA12
Dma.SAI1_A.1.MemBurst=DMA_MBURST_SINGLE
PE8.Signal=FMC_D5_DA5
FATFS0.BSP.i2creg=
RCC.RNGFreq_Value=48000000
TIM3.IPParameters=Channel-PWM Generation2 CH2,Period
PA9.Locked=true
Dma.SAI1_A.1.EventEnable=DISABLE
SH.FMC_SDNCAS.0=FMC_SDNCAS,13b-sda1
NVIC.DMAMUX1_OVR_IRQn=true\:0\:0\:false\:false\:true\:false\:true
ProjectManager.FreePins=true
RCC.LPTIM2Freq_Value=120000000
SH.FMC_NBL1.ConfNb=1
ProjectManager.UnderRoot=true
SH.FMC_D7_DA7.ConfNb=1
PA4.Signal=GPIO_Output
ADC1.SamplingTime-1\#ChannelRegularConversion=ADC_SAMPLETIME_64CYCLES_5
PB5.Signal=S_TIM3_CH2
PD12.Mode=I2C
PE3.GPIO_Speed=GPIO_SPEED_FREQ_HIGH
PD11.Signal=GPIO_Input
SH.FMC_A10.ConfNb=1
Dma.SAI1_A.1.SyncRequestNumber=1
ProjectManager.CompilerOptimize=6
ADC1.Rank-1\#ChannelRegularConversion=2
SH.FMC_A5.0=FMC_A5,13b-sda1
PA11.Signal=USB_OTG_FS_DM
Bdma.I2C4_TX.1.RequestNumber=1
ADC1.SamplingTime-5\#ChannelRegularConversion=ADC_SAMPLETIME_64CYCLES_5
RCC.LPTIM345Freq_Value=120000000
ProjectManager.ComputerToolchain=false
VP_TIM4_VS_ClockSourceINT.Mode=Internal
RCC.LTDCFreq_Value=192000000
Dma.SAI1_B.2.Instance=DMA1_Stream2
TIM3.Channel-PWM\ Generation2\ CH2=TIM_CHANNEL_2
PB3\ (JTDO/TRACESWO).Mode=Trace_Asynchronous_SW
Dma.SAI1_B.2.FIFOThreshold=DMA_FIFO_THRESHOLD_1QUARTERFULL
Dma.SAI1_A.1.Priority=DMA_PRIORITY_VERY_HIGH
SH.ADCx_INP19.0=ADC1_INP19,IN19-Single-Ended
Dma.SAI1_B.2.FIFOMode=DMA_FIFOMODE_ENABLE
SH.FMC_D12_DA12.ConfNb=1
RCC.HCLK3ClockFreq_Value=240000000
PB12.GPIO_PuPd=GPIO_PULLUP
RCC.DIVR2=1
PB0.Signal=GPIO_Output
USB_HOST0.BSP.mode=Output
PC1.Signal=ADCx_INP11
PB12.GPIOParameters=GPIO_PuPd
PD7.GPIOParameters=GPIO_PuPd
Mcu.Pin101=VP_SAI1_VP_$IpInstance_SAIB_SAI_BASIC
PA13\ (JTMS/SWDIO).Signal=DEBUG_JTMS-SWDIO
Mcu.Pin102=VP_SYS_VS_Systick
Mcu.Pin103=VP_TIM4_VS_ClockSourceINT
Mcu.Pin104=VP_USB_HOST_VS_USB_HOST_AUDIO_FS
Mcu.Pin100=VP_SAI1_VP_$IpInstance_SAIA_SAI_BASIC
RCC.DIVQ2Freq_Value=172000000
ADC1.RightBitShift=ADC_RIGHTBITSHIFT_6
I2C2.IPParameters=Timing,I2C_Rise_Time,I2C_Fall_Time,Analog_Filter,I2C_Coeff_DF,Speed,NoStretchMode
VP_USB_HOST_VS_USB_HOST_AUDIO_FS.Signal=USB_HOST_VS_USB_HOST_AUDIO_FS
SH.S_TIM4_CH2.ConfNb=1
RCC.SAI1Freq_Value=49142857.14285714
RCC.CortexFreq_Value=480000000
SH.FMC_A2.ConfNb=1
PG6.Signal=GPIO_Output
PB10.GPIO_Speed=GPIO_SPEED_FREQ_LOW
Mcu.UserName=STM32H743ZITx
RCC.HPRE=RCC_HCLK_DIV2
Dma.SAI1_A.1.RequestParameters=Instance,Direction,PeriphInc,MemInc,PeriphDataAlignment,MemDataAlignment,Mode,Priority,FIFOMode,FIFOThreshold,MemBurst,PeriphBurst,SignalID,Polarity,RequestNumber,SyncSignalID,SyncPolarity,SyncEnable,EventEnable,SyncRequestNumber
Dma.SAI1_B.2.MemInc=DMA_MINC_ENABLE
PG6.Locked=true
PC10.Signal=SDMMC1_D2
I2C2.Timing=0x505097F4
SH.FMC_NBL0.0=FMC_NBL0,Sd2ByteEnable1
ProjectManager.functionlistsort=1-MX_GPIO_Init-GPIO-false-HAL-true,2-MX_BDMA_Init-BDMA-false-HAL-true,3-MX_DMA_Init-DMA-false-HAL-true,4-SystemClock_Config-RCC-false-HAL-false,5-MX_FMC_Init-FMC-false-HAL-true,6-MX_ADC1_Init-ADC1-false-HAL-true,7-MX_I2C2_Init-I2C2-false-HAL-true,8-MX_SDMMC1_SD_Init-SDMMC1-false-HAL-true,9-MX_FATFS_Init-FATFS-false-HAL-false,10-MX_SAI1_Init-SAI1-false-HAL-true,11-MX_RNG_Init-RNG-false-HAL-true,12-MX_I2C4_Init-I2C4-false-HAL-true,13-MX_USB_HOST_Init-USB_HOST-false-HAL-false,14-MX_TIM3_Init-TIM3-false-HAL-true,15-MX_TIM4_Init-TIM4-false-HAL-true,0-MX_CORTEX_M7_Init-CORTEX_M7-false-HAL-true
SH.FMC_D6_DA6.0=FMC_D6,sd-16b-d1
Dma.ADC1.0.FIFOThreshold=DMA_FIFO_THRESHOLD_1QUARTERFULL
PB11.GPIO_PuPd=GPIO_NOPULL
PB11.Signal=I2C2_SDA
PE5.GPIOParameters=GPIO_Speed
ProjectManager.StackSize=0x400
RCC.VCOInput3Freq_Value=1000000
PD11.GPIO_PuPd=GPIO_PULLUP
NVIC.ADC_IRQn=true\:0\:0\:false\:false\:true\:true\:true
SH.FMC_A7.0=FMC_A7,13b-sda1
PA12.Signal=USB_OTG_FS_DP
Dma.SAI1_B.2.SyncRequestNumber=1
Mcu.UserConstants=
Mcu.ThirdPartyNb=0
PG11.GPIO_PuPd=GPIO_PULLUP
FMC.BankMapConfig=FMC_SWAPBMAP_SDRAM_SRAM
RCC.HCLKFreq_Value=240000000
Mcu.IPNb=19
RCC.SPDIFRXFreq_Value=320000000
PF12.Signal=FMC_A6
Mcu.Pin6=PC14-OSC32_IN (OSC32_IN)
Mcu.Pin7=PC15-OSC32_OUT (OSC32_OUT)
Mcu.Pin8=PF0
Mcu.Pin9=PF1
PC2_C.Signal=FMC_SDNE0
SH.FMC_A10.0=FMC_A10,13b-sda1
Mcu.Pin0=PE2
Mcu.Pin1=PE3
Mcu.Pin2=PE4
Mcu.Pin3=PE5
Mcu.Pin4=PE6
Mcu.Pin5=PC13
SH.FMC_D8_DA8.0=FMC_D8,sd-16b-d1
FMC.RPDelay2=2
FMC.RPDelay1=2
SH.FMC_D2_DA2.0=FMC_D2,sd-16b-d1
ADC1.SamplingTime-4\#ChannelRegularConversion=ADC_SAMPLETIME_64CYCLES_5
ADC1.Rank-2\#ChannelRegularConversion=3
PE13.Signal=FMC_D10_DA10
PE4.GPIO_Speed=GPIO_SPEED_FREQ_HIGH
File.Version=6
SH.FMC_D5_DA5.ConfNb=1
SH.FMC_D2_DA2.ConfNb=1
PB8.Locked=true
USB_OTG_FS.dma_enable=DISABLE
FMC.ReadPipeDelay1=FMC_SDRAM_RPIPE_DELAY_0
PE4.Mode=SAI_A_MasterWithClock
SH.FMC_SDNRAS.0=FMC_SDNRAS,13b-sda1
USB_HOST0.BSP.i2creg=
PE4.Signal=SAI1_FS_A
PE6.GPIOParameters=GPIO_Speed
Dma.RequestsNb=3
USB_HOST.USBH_DEBUG_LEVEL-AUDIO_FS=0
ProjectManager.ProjectName=cube_for_new_genera_brain4
RCC.APB3Freq_Value=120000000
USB_HOST0.BSP.i2caddr=0
SH.FMC_D0_DA0.0=FMC_D0,sd-16b-d1
RCC.D1PPRE=RCC_APB3_DIV2
SH.ADCx_INP15.ConfNb=1
VP_USB_HOST_VS_USB_HOST_AUDIO_FS.Mode=AUDIO_FS
USB_OTG_FS.VirtualMode=Host_Only
SH.FMC_A9.0=FMC_A9,13b-sda1
ADC1.OffsetNumber-1\#ChannelRegularConversion=ADC_OFFSET_NONE
SH.FMC_D4_DA4.0=FMC_D4,sd-16b-d1
PF5.Signal=FMC_A5
Dma.ADC1.0.MemBurst=DMA_MBURST_SINGLE
PC4.Locked=true
SH.ADCx_INP15.0=ADC1_INP15,IN15-Single-Ended
PF0.Signal=FMC_A0
SH.FMC_NBL0.ConfNb=1
Dma.SAI1_A.1.SyncEnable=DISABLE
PE3.Mode=SAI_B_SyncSlave
Bdma.I2C4_TX.1.PeriphInc=DMA_PINC_DISABLE
RCC.Tim2OutputFreq_Value=240000000
RCC.DFSDMACLkFreq_Value=49142857.14285714
SH.FMC_A12.0=FMC_A12,13b-sda1
RCC.PLLSourceVirtual=RCC_PLLSOURCE_HSE
TIM4.Channel-PWM\ Generation1\ CH1=TIM_CHANNEL_1
Dma.SAI1_B.2.EventEnable=DISABLE
SH.FMC_A9.ConfNb=1
CORTEX_M7.CPU_ICache=Enabled
PD12.GPIO_Speed=GPIO_SPEED_FREQ_MEDIUM
Bdma.I2C4_RX.0.PeriphInc=DMA_PINC_DISABLE
PA13\ (JTMS/SWDIO).Mode=Trace_Asynchronous_SW
ADC1.Channel-4\#ChannelRegularConversion=ADC_CHANNEL_15
ProjectManager.NoMain=false
PG1.Signal=FMC_A11
ADC1.OffsetNumber-3\#ChannelRegularConversion=ADC_OFFSET_NONE
RCC.SAI4BFreq_Value=320000000
SH.FMC_SDCLK.ConfNb=1
PC4.Signal=GPIO_Output
USB_HOST.BSP.number=1
RCC.D2PPRE2=RCC_APB2_DIV2
RCC.D2PPRE1=RCC_APB1_DIV2
NVIC.DMA1_Stream1_IRQn=true\:2\:0\:true\:false\:true\:false\:true
VP_RNG_VS_RNG.Mode=RNG_Activate
ADC1.SamplingTime-2\#ChannelRegularConversion=ADC_SAMPLETIME_64CYCLES_5
NVIC.BDMA_Channel1_IRQn=true\:0\:0\:true\:false\:true\:false\:true
PC14-OSC32_IN\ (OSC32_IN).Locked=true
PD12.Locked=true
RCC.SPI6Freq_Value=120000000
RCC.SPI45Freq_Value=120000000
PD12.GPIOParameters=GPIO_Speed
PB3\ (JTDO/TRACESWO).Locked=true
PB3\ (JTDO/TRACESWO).Signal=DEBUG_JTDO-SWO
VP_TIM4_VS_ClockSourceINT.Signal=TIM4_VS_ClockSourceINT
ProjectManager.TargetToolchain=SW4STM32
FATFS0.BSP.condition=
I2C2.Analog_Filter=I2C_ANALOGFILTER_ENABLE
Dma.ADC1.0.Mode=DMA_CIRCULAR
SH.FMC_D1_DA1.ConfNb=1
Dma.ADC1.0.SyncSignalID=NONE
Bdma.RequestsNb=2
ADC1.Channel-1\#ChannelRegularConversion=ADC_CHANNEL_19
PD13.Mode=I2C
PF2.Signal=FMC_A2
PE11.Signal=FMC_D8_DA8
PB1.Locked=true
SH.S_TIM3_CH2.0=TIM3_CH2,PWM Generation2 CH2
SAI1.IPParameters=Instance-SAI_A_MasterWithClock,VirtualMode-SAI_A_MasterWithClock,MClockEnable-SAI_A_MasterWithClock,RealAudioFreq-SAI_A_MasterWithClock,ErrorAudioFreq-SAI_A_MasterWithClock,InitProtocol-SAI_A_MasterWithClock,VirtualProtocol-SAI_A_BASIC,Instance-SAI_B_SyncSlave,VirtualMode-SAI_B_SyncSlave,InitProtocol-SAI_B_SyncSlave,VirtualProtocol-SAI_B_BASIC,BasicDataSize-SAI_A_MasterWithClock,AudioFrequency-SAI_A_MasterWithClock,FIFOThreshold-SAI_A_MasterWithClock,BasicDataSize-SAI_B_SyncSlave,FIFOThreshold-SAI_B_SyncSlave
PD11.GPIOParameters=GPIO_PuPd
RCC.VCOInput1Freq_Value=2500000
Dma.ADC1.0.SyncPolarity=HAL_DMAMUX_SYNC_RISING
Dma.ADC1.0.RequestParameters=Instance,Direction,PeriphInc,MemInc,PeriphDataAlignment,MemDataAlignment,Mode,Priority,FIFOMode,FIFOThreshold,MemBurst,PeriphBurst,SignalID,Polarity,RequestNumber,SyncSignalID,SyncPolarity,SyncEnable,EventEnable,SyncRequestNumber
FATFS.USE_DMA_CODE_SD=0
SAI1.BasicDataSize-SAI_A_MasterWithClock=SAI_PROTOCOL_DATASIZE_24BIT
TIM4.Channel-PWM\ Generation2\ CH2=TIM_CHANNEL_2
RCC.APB2Freq_Value=120000000
USB_HOST0.BSP.api=Unknown
SH.FMC_D13_DA13.ConfNb=1
USB_HOST.USBH_HandleTypeDef-AUDIO_FS=hUsbHostFS
Dma.SAI1_B.2.SyncPolarity=HAL_DMAMUX_SYNC_NO_EVENT
PF15.Signal=FMC_A9
Bdma.I2C4_RX.0.EventEnable=DISABLE
Dma.SAI1_B.2.Priority=DMA_PRIORITY_VERY_HIGH
PE6.Signal=SAI1_SD_A
PB15.GPIOParameters=GPIO_PuPd
Mcu.Name=STM32H743ZITx
RCC.PLL3_VCI_Range-AdvancedSettings=RCC_PLL3VCIRANGE_0
Dma.SAI1_B.2.Direction=DMA_PERIPH_TO_MEMORY
NVIC.OTG_FS_EP1_OUT_IRQn=true\:6\:0\:true\:false\:true\:true\:true
PA2.Signal=ADCx_INP14
PD14.Signal=FMC_D0_DA0
Dma.SAI1_B.2.RequestNumber=1
PA12.Mode=Host_Only
PG12.Locked=true
USB_HOST.USBH_MAX_NUM_CONFIGURATION-AUDIO_FS=10
PC14-OSC32_IN\ (OSC32_IN).Signal=GPIO_Output
SAI1.Instance-SAI_B_SyncSlave=SAI$Index_Block_B
Dma.ADC1.0.SyncEnable=ENABLE
Bdma.I2C4_TX.1.Instance=BDMA_Channel1
RCC.SAI4AFreq_Value=320000000
SH.ADCx_INP11.0=ADC1_INP11,IN11-Single-Ended
ADC1.NbrOfConversionFlag=1
FATFS0.BSP.component=
Bdma.I2C4_TX.1.Mode=DMA_NORMAL
Dma.SAI1_A.1.PeriphDataAlignment=DMA_PDATAALIGN_WORD
RCC.DIVQ1Freq_Value=320000000
PB8.Signal=S_TIM4_CH3
RCC.D3PPRE=RCC_APB4_DIV2
PC9.Signal=SDMMC1_D1
RCC.VCOInput2Freq_Value=1000000
RCC.APB1Freq_Value=120000000
SAI1.InitProtocol-SAI_B_SyncSlave=Enable
ADC1.ClockPrescaler=ADC_CLOCK_ASYNC_DIV4
ProjectManager.DeviceId=STM32H743ZITx
ProjectManager.LibraryCopy=1
I2C4.IPParameters=Timing
PB1.GPIOParameters=GPIO_PuPd
PA7.Signal=ADCx_INP7
